
Microsoft Visual Studio Solution File, Format Version 12.00
# Visual Studio Version 17
VisualStudioVersion = 17.5.002.0
MinimumVisualStudioVersion = 10.0.40219.1
Project("{9A19103F-16F7-4668-BE54-9A1E7A4F7556}") = "Ticketinho.Functions", "Ticketinho.Functions\Ticketinho.Functions.csproj", "{83650C38-A97C-43DA-A35E-FFC6389A81A7}"
EndProject
Project("{9A19103F-16F7-4668-BE54-9A1E7A4F7556}") = "Ticketinho.Repository", "Ticketinho.Repository\Ticketinho.Repository.csproj", "{07F6F1EC-3BD9-4BFE-AC4F-6026787C3A77}"
EndProject
Project("{9A19103F-16F7-4668-BE54-9A1E7A4F7556}") = "Ticketinho.Service", "Ticketinho.Service\Ticketinho.Service.csproj", "{53305497-2DFE-4E20-9520-64385B13B5BD}"
EndProject
Project("{FAE04EC0-301F-11D3-BF4B-00C04F79EFBC}") = "Ticketinho.UnitTests", "Ticketinho.UnitTests\Ticketinho.UnitTests.csproj", "{04CB2837-2735-4F09-A0F9-F736BA6BFD16}"
EndProject
Project("{FAE04EC0-301F-11D3-BF4B-00C04F79EFBC}") = "Ticketinho.Common", "Ticketinho.Common\Ticketinho.Common.csproj", "{D535A57F-0FEB-4824-BD82-E51CE27D2DB4}"
EndProject
Project("{FAE04EC0-301F-11D3-BF4B-00C04F79EFBC}") = "Ticketinho.UnitTests", "Ticketinho.UnitTests\Ticketinho.UnitTests.csproj", "{04CB2837-2735-4F09-A0F9-F736BA6BFD16}"
EndProject
Project("{FAE04EC0-301F-11D3-BF4B-00C04F79EFBC}") = "Ticketinho.Common", "Ticketinho.Common\Ticketinho.Common.csproj", "{D535A57F-0FEB-4824-BD82-E51CE27D2DB4}"
EndProject
Global
	GlobalSection(SolutionConfigurationPlatforms) = preSolution
		Debug|Any CPU = Debug|Any CPU
		Release|Any CPU = Release|Any CPU
	EndGlobalSection
	GlobalSection(ProjectConfigurationPlatforms) = postSolution
		{83650C38-A97C-43DA-A35E-FFC6389A81A7}.Debug|Any CPU.ActiveCfg = Debug|Any CPU
		{83650C38-A97C-43DA-A35E-FFC6389A81A7}.Debug|Any CPU.Build.0 = Debug|Any CPU
		{83650C38-A97C-43DA-A35E-FFC6389A81A7}.Release|Any CPU.ActiveCfg = Release|Any CPU
		{83650C38-A97C-43DA-A35E-FFC6389A81A7}.Release|Any CPU.Build.0 = Release|Any CPU
		{07F6F1EC-3BD9-4BFE-AC4F-6026787C3A77}.Debug|Any CPU.ActiveCfg = Debug|Any CPU
		{07F6F1EC-3BD9-4BFE-AC4F-6026787C3A77}.Debug|Any CPU.Build.0 = Debug|Any CPU
		{07F6F1EC-3BD9-4BFE-AC4F-6026787C3A77}.Release|Any CPU.ActiveCfg = Release|Any CPU
		{07F6F1EC-3BD9-4BFE-AC4F-6026787C3A77}.Release|Any CPU.Build.0 = Release|Any CPU
		{53305497-2DFE-4E20-9520-64385B13B5BD}.Debug|Any CPU.ActiveCfg = Debug|Any CPU
		{53305497-2DFE-4E20-9520-64385B13B5BD}.Debug|Any CPU.Build.0 = Debug|Any CPU
		{53305497-2DFE-4E20-9520-64385B13B5BD}.Release|Any CPU.ActiveCfg = Release|Any CPU
		{53305497-2DFE-4E20-9520-64385B13B5BD}.Release|Any CPU.Build.0 = Release|Any CPU
		{04CB2837-2735-4F09-A0F9-F736BA6BFD16}.Debug|Any CPU.ActiveCfg = Debug|Any CPU
		{04CB2837-2735-4F09-A0F9-F736BA6BFD16}.Debug|Any CPU.Build.0 = Debug|Any CPU
		{04CB2837-2735-4F09-A0F9-F736BA6BFD16}.Release|Any CPU.ActiveCfg = Release|Any CPU
		{04CB2837-2735-4F09-A0F9-F736BA6BFD16}.Release|Any CPU.Build.0 = Release|Any CPU
		{D535A57F-0FEB-4824-BD82-E51CE27D2DB4}.Debug|Any CPU.ActiveCfg = Debug|Any CPU
		{D535A57F-0FEB-4824-BD82-E51CE27D2DB4}.Debug|Any CPU.Build.0 = Debug|Any CPU
		{D535A57F-0FEB-4824-BD82-E51CE27D2DB4}.Release|Any CPU.ActiveCfg = Release|Any CPU
		{D535A57F-0FEB-4824-BD82-E51CE27D2DB4}.Release|Any CPU.Build.0 = Release|Any CPU
	EndGlobalSection
	GlobalSection(SolutionProperties) = preSolution
		HideSolutionNode = FALSE
	EndGlobalSection
	GlobalSection(ExtensibilityGlobals) = postSolution
		SolutionGuid = {92DEC6FC-F779-4819-8A99-78DF15BC36C2}
	EndGlobalSection
EndGlobal
